
Microsoft Visual Studio Solution File, Format Version 12.00
Project("{FAE04EC0-301F-11D3-BF4B-00C04F79EFBC}") = "AbstractFactory", "AbstractFactory\AbstractFactory.csproj", "{EC07557D-004D-4799-A48D-D29D30CBAD31}"
EndProject
Project("{FAE04EC0-301F-11D3-BF4B-00C04F79EFBC}") = "SimpleFactory", "SimpleFactory\SimpleFactory.csproj", "{17C09AF6-FC9F-4784-9E24-C7266FF064D4}"
EndProject
Project("{FAE04EC0-301F-11D3-BF4B-00C04F79EFBC}") = "FactoryMethod", "FactoryMethod\FactoryMethod.csproj", "{3AE92C25-CAC5-4D4D-9652-027E24E7CDE8}"
EndProject
Project("{FAE04EC0-301F-11D3-BF4B-00C04F79EFBC}") = "Builder", "Builder\Builder.csproj", "{C4D417AA-554B-4CC9-B84E-A42746696E44}"
EndProject
Project("{FAE04EC0-301F-11D3-BF4B-00C04F79EFBC}") = "Prototype", "Prototype\Prototype.csproj", "{877A77A8-32BF-40D8-A176-EDE8CFF567E8}"
EndProject
Project("{FAE04EC0-301F-11D3-BF4B-00C04F79EFBC}") = "Singleton", "Singleton\Singleton.csproj", "{4682D3DC-3D75-4B2F-A97C-EE9A8EE35747}"
EndProject
Project("{FAE04EC0-301F-11D3-BF4B-00C04F79EFBC}") = "Adapter", "Adapter\Adapter.csproj", "{A1D9FA84-1DDD-46B5-99A3-DFDEF07B0B85}"
EndProject
Project("{FAE04EC0-301F-11D3-BF4B-00C04F79EFBC}") = "Bridge", "Bridge\Bridge.csproj", "{9C4425A8-4AA0-4CFF-9449-8823A5370D80}"
EndProject
Project("{FAE04EC0-301F-11D3-BF4B-00C04F79EFBC}") = "Composite", "Composite\Composite.csproj", "{90FE2700-BC17-4A7E-B998-84004ECAC058}"
EndProject
Project("{FAE04EC0-301F-11D3-BF4B-00C04F79EFBC}") = "Decorator", "Decorator\Decorator.csproj", "{DADD4B9D-AC2C-4FD9-8738-ED1E6C96690E}"
EndProject
Project("{FAE04EC0-301F-11D3-BF4B-00C04F79EFBC}") = "Facade", "Facade\Facade.csproj", "{1751D2F2-3B1E-4172-9E0D-35ACAA0EDEBF}"
EndProject
Global
	GlobalSection(SolutionConfigurationPlatforms) = preSolution
		Debug|Any CPU = Debug|Any CPU
		Release|Any CPU = Release|Any CPU
	EndGlobalSection
	GlobalSection(ProjectConfigurationPlatforms) = postSolution
		{EC07557D-004D-4799-A48D-D29D30CBAD31}.Debug|Any CPU.ActiveCfg = Debug|Any CPU
		{EC07557D-004D-4799-A48D-D29D30CBAD31}.Debug|Any CPU.Build.0 = Debug|Any CPU
		{EC07557D-004D-4799-A48D-D29D30CBAD31}.Release|Any CPU.ActiveCfg = Release|Any CPU
		{EC07557D-004D-4799-A48D-D29D30CBAD31}.Release|Any CPU.Build.0 = Release|Any CPU
		{17C09AF6-FC9F-4784-9E24-C7266FF064D4}.Debug|Any CPU.ActiveCfg = Debug|Any CPU
		{17C09AF6-FC9F-4784-9E24-C7266FF064D4}.Debug|Any CPU.Build.0 = Debug|Any CPU
		{17C09AF6-FC9F-4784-9E24-C7266FF064D4}.Release|Any CPU.ActiveCfg = Release|Any CPU
		{17C09AF6-FC9F-4784-9E24-C7266FF064D4}.Release|Any CPU.Build.0 = Release|Any CPU
		{3AE92C25-CAC5-4D4D-9652-027E24E7CDE8}.Debug|Any CPU.ActiveCfg = Debug|Any CPU
		{3AE92C25-CAC5-4D4D-9652-027E24E7CDE8}.Debug|Any CPU.Build.0 = Debug|Any CPU
		{3AE92C25-CAC5-4D4D-9652-027E24E7CDE8}.Release|Any CPU.ActiveCfg = Release|Any CPU
		{3AE92C25-CAC5-4D4D-9652-027E24E7CDE8}.Release|Any CPU.Build.0 = Release|Any CPU
		{C4D417AA-554B-4CC9-B84E-A42746696E44}.Debug|Any CPU.ActiveCfg = Debug|Any CPU
		{C4D417AA-554B-4CC9-B84E-A42746696E44}.Debug|Any CPU.Build.0 = Debug|Any CPU
		{C4D417AA-554B-4CC9-B84E-A42746696E44}.Release|Any CPU.ActiveCfg = Release|Any CPU
		{C4D417AA-554B-4CC9-B84E-A42746696E44}.Release|Any CPU.Build.0 = Release|Any CPU
		{877A77A8-32BF-40D8-A176-EDE8CFF567E8}.Debug|Any CPU.ActiveCfg = Debug|Any CPU
		{877A77A8-32BF-40D8-A176-EDE8CFF567E8}.Debug|Any CPU.Build.0 = Debug|Any CPU
		{877A77A8-32BF-40D8-A176-EDE8CFF567E8}.Release|Any CPU.ActiveCfg = Release|Any CPU
		{877A77A8-32BF-40D8-A176-EDE8CFF567E8}.Release|Any CPU.Build.0 = Release|Any CPU
		{4682D3DC-3D75-4B2F-A97C-EE9A8EE35747}.Debug|Any CPU.ActiveCfg = Debug|Any CPU
		{4682D3DC-3D75-4B2F-A97C-EE9A8EE35747}.Debug|Any CPU.Build.0 = Debug|Any CPU
		{4682D3DC-3D75-4B2F-A97C-EE9A8EE35747}.Release|Any CPU.ActiveCfg = Release|Any CPU
		{4682D3DC-3D75-4B2F-A97C-EE9A8EE35747}.Release|Any CPU.Build.0 = Release|Any CPU
		{A1D9FA84-1DDD-46B5-99A3-DFDEF07B0B85}.Debug|Any CPU.ActiveCfg = Debug|Any CPU
		{A1D9FA84-1DDD-46B5-99A3-DFDEF07B0B85}.Debug|Any CPU.Build.0 = Debug|Any CPU
		{A1D9FA84-1DDD-46B5-99A3-DFDEF07B0B85}.Release|Any CPU.ActiveCfg = Release|Any CPU
		{A1D9FA84-1DDD-46B5-99A3-DFDEF07B0B85}.Release|Any CPU.Build.0 = Release|Any CPU
		{9C4425A8-4AA0-4CFF-9449-8823A5370D80}.Debug|Any CPU.ActiveCfg = Debug|Any CPU
		{9C4425A8-4AA0-4CFF-9449-8823A5370D80}.Debug|Any CPU.Build.0 = Debug|Any CPU
		{9C4425A8-4AA0-4CFF-9449-8823A5370D80}.Release|Any CPU.ActiveCfg = Release|Any CPU
		{9C4425A8-4AA0-4CFF-9449-8823A5370D80}.Release|Any CPU.Build.0 = Release|Any CPU
		{90FE2700-BC17-4A7E-B998-84004ECAC058}.Debug|Any CPU.ActiveCfg = Debug|Any CPU
		{90FE2700-BC17-4A7E-B998-84004ECAC058}.Debug|Any CPU.Build.0 = Debug|Any CPU
		{90FE2700-BC17-4A7E-B998-84004ECAC058}.Release|Any CPU.ActiveCfg = Release|Any CPU
		{90FE2700-BC17-4A7E-B998-84004ECAC058}.Release|Any CPU.Build.0 = Release|Any CPU
		{DADD4B9D-AC2C-4FD9-8738-ED1E6C96690E}.Debug|Any CPU.ActiveCfg = Debug|Any CPU
		{DADD4B9D-AC2C-4FD9-8738-ED1E6C96690E}.Debug|Any CPU.Build.0 = Debug|Any CPU
		{DADD4B9D-AC2C-4FD9-8738-ED1E6C96690E}.Release|Any CPU.ActiveCfg = Release|Any CPU
		{DADD4B9D-AC2C-4FD9-8738-ED1E6C96690E}.Release|Any CPU.Build.0 = Release|Any CPU
		{1751D2F2-3B1E-4172-9E0D-35ACAA0EDEBF}.Debug|Any CPU.ActiveCfg = Debug|Any CPU
		{1751D2F2-3B1E-4172-9E0D-35ACAA0EDEBF}.Debug|Any CPU.Build.0 = Debug|Any CPU
		{1751D2F2-3B1E-4172-9E0D-35ACAA0EDEBF}.Release|Any CPU.ActiveCfg = Release|Any CPU
		{1751D2F2-3B1E-4172-9E0D-35ACAA0EDEBF}.Release|Any CPU.Build.0 = Release|Any CPU
	EndGlobalSection
EndGlobal
